{
  "version": 4,
  "terraform_version": "1.2.6",
  "serial": 6,
  "lineage": "f6af2008-8aaf-6d93-4c8f-5c589f1d173a",
  "outputs": {
    "arn": {
      "value": "arn:aws:s3:::brunolabs-module-s3-dev",
      "type": "string"
    },
    "domain_name": {
      "value": "brunolabs-module-s3-dev.s3.amazonaws.com",
      "type": "string"
    },
    "id": {
      "value": "brunolabs-module-s3-dev",
      "type": "string"
    },
    "region": {
      "value": "us-east-1",
      "type": "string"
    }
  },
  "resources": [
    {
      "module": "module.s3",
      "mode": "managed",
      "type": "aws_s3_bucket",
      "name": "s3_bucket",
      "provider": "provider[\"registry.terraform.io/hashicorp/aws\"]",
      "instances": [
        {
          "schema_version": 0,
          "attributes": {
            "acceleration_status": "",
            "acl": null,
            "arn": "arn:aws:s3:::brunolabs-module-s3-dev",
            "bucket": "brunolabs-module-s3-dev",
            "bucket_domain_name": "brunolabs-module-s3-dev.s3.amazonaws.com",
            "bucket_prefix": null,
            "bucket_regional_domain_name": "brunolabs-module-s3-dev.s3.amazonaws.com",
            "cors_rule": [],
            "force_destroy": false,
            "grant": [
              {
                "id": "434d22d7cd6ceaa68fed219fd95384068a3d87f378278bbd4017d88a7197f093",
                "permissions": [
                  "FULL_CONTROL"
                ],
                "type": "CanonicalUser",
                "uri": ""
              }
            ],
            "hosted_zone_id": "Z3AQBSTGFYJSTF",
            "id": "brunolabs-module-s3-dev",
            "lifecycle_rule": [],
            "logging": [],
            "object_lock_configuration": [],
            "object_lock_enabled": false,
            "policy": "",
            "region": "us-east-1",
            "replication_configuration": [],
            "request_payer": "BucketOwner",
            "server_side_encryption_configuration": [],
            "tags": {
              "bu": "bu-test",
              "team": "dev",
              "vertical": "vertical-test"
            },
            "tags_all": {
              "bu": "bu-test",
              "team": "dev",
              "vertical": "vertical-test"
            },
            "versioning": [
              {
                "enabled": false,
                "mfa_delete": false
              }
            ],
            "website": [],
            "website_domain": null,
            "website_endpoint": null
          },
          "sensitive_attributes": [],
          "private": "bnVsbA=="
        }
      ]
    },
    {
      "module": "module.s3",
      "mode": "managed",
      "type": "aws_s3_bucket_acl",
      "name": "s3_acl",
      "provider": "provider[\"registry.terraform.io/hashicorp/aws\"]",
      "instances": [
        {
          "schema_version": 0,
          "attributes": {
            "access_control_policy": [
              {
                "grant": [
                  {
                    "grantee": [
                      {
                        "display_name": "brunopdossantos1993",
                        "email_address": "",
                        "id": "434d22d7cd6ceaa68fed219fd95384068a3d87f378278bbd4017d88a7197f093",
                        "type": "CanonicalUser",
                        "uri": ""
                      }
                    ],
                    "permission": "FULL_CONTROL"
                  }
                ],
                "owner": [
                  {
                    "display_name": "brunopdossantos1993",
                    "id": "434d22d7cd6ceaa68fed219fd95384068a3d87f378278bbd4017d88a7197f093"
                  }
                ]
              }
            ],
            "acl": "private",
            "bucket": "brunolabs-module-s3-dev",
            "expected_bucket_owner": "",
            "id": "brunolabs-module-s3-dev,private"
          },
          "sensitive_attributes": [],
          "private": "bnVsbA==",
          "dependencies": [
            "module.s3.aws_s3_bucket.s3_bucket"
          ]
        }
      ]
    },
    {
      "module": "module.s3",
      "mode": "managed",
      "type": "aws_s3_bucket_public_access_block",
      "name": "s3_block_access",
      "provider": "provider[\"registry.terraform.io/hashicorp/aws\"]",
      "instances": [
        {
          "schema_version": 0,
          "attributes": {
            "block_public_acls": true,
            "block_public_policy": true,
            "bucket": "brunolabs-module-s3-dev",
            "id": "brunolabs-module-s3-dev",
            "ignore_public_acls": true,
            "restrict_public_buckets": true
          },
          "sensitive_attributes": [],
          "private": "bnVsbA==",
          "dependencies": [
            "module.s3.aws_s3_bucket.s3_bucket"
          ]
        }
      ]
    },
    {
      "module": "module.s3",
      "mode": "managed",
      "type": "aws_s3_bucket_server_side_encryption_configuration",
      "name": "s3_sse",
      "provider": "provider[\"registry.terraform.io/hashicorp/aws\"]",
      "instances": [
        {
          "schema_version": 0,
          "attributes": {
            "bucket": "brunolabs-module-s3-dev",
            "expected_bucket_owner": "",
            "id": "brunolabs-module-s3-dev",
            "rule": [
              {
                "apply_server_side_encryption_by_default": [
                  {
                    "kms_master_key_id": "",
                    "sse_algorithm": "AES256"
                  }
                ],
                "bucket_key_enabled": null
              }
            ]
          },
          "sensitive_attributes": [],
          "private": "bnVsbA==",
          "dependencies": [
            "module.s3.aws_s3_bucket.s3_bucket"
          ]
        }
      ]
    },
    {
      "module": "module.s3",
      "mode": "managed",
      "type": "aws_s3_bucket_versioning",
      "name": "s3_versioning",
      "provider": "provider[\"registry.terraform.io/hashicorp/aws\"]",
      "instances": [
        {
          "schema_version": 0,
          "attributes": {
            "bucket": "brunolabs-module-s3-dev",
            "expected_bucket_owner": "",
            "id": "brunolabs-module-s3-dev",
            "mfa": null,
            "versioning_configuration": [
              {
                "mfa_delete": "",
                "status": "Enabled"
              }
            ]
          },
          "sensitive_attributes": [],
          "private": "bnVsbA==",
          "dependencies": [
            "module.s3.aws_s3_bucket.s3_bucket"
          ]
        }
      ]
    }
  ]
}
